
Microsoft Visual Studio Solution File, Format Version 11.00
# Visual Studio 2010
Project("{FAE04EC0-301F-11D3-BF4B-00C04F79EFBC}") = "Rhino.Queues", "Rhino.Queues\Rhino.Queues.csproj", "{398BF580-41F5-418E-A017-19D19B289A97}"
EndProject
Project("{FAE04EC0-301F-11D3-BF4B-00C04F79EFBC}") = "Rhino.Queues.Tests", "Rhino.Queues.Tests\Rhino.Queues.Tests.csproj", "{98D394CA-9FEF-49AD-8DAB-FE039152E001}"
EndProject
Global
	GlobalSection(SolutionConfigurationPlatforms) = preSolution
		Debug|Any CPU = Debug|Any CPU
		Debug|Mixed Platforms = Debug|Mixed Platforms
		Debug|x86 = Debug|x86
		Release|Any CPU = Release|Any CPU
		Release|Mixed Platforms = Release|Mixed Platforms
		Release|x86 = Release|x86
	EndGlobalSection
	GlobalSection(ProjectConfigurationPlatforms) = postSolution
		{398BF580-41F5-418E-A017-19D19B289A97}.Debug|Any CPU.ActiveCfg = Debug|Any CPU
		{398BF580-41F5-418E-A017-19D19B289A97}.Debug|Any CPU.Build.0 = Debug|Any CPU
		{398BF580-41F5-418E-A017-19D19B289A97}.Debug|Mixed Platforms.ActiveCfg = Debug|Any CPU
		{398BF580-41F5-418E-A017-19D19B289A97}.Debug|Mixed Platforms.Build.0 = Debug|Any CPU
		{398BF580-41F5-418E-A017-19D19B289A97}.Debug|x86.ActiveCfg = Debug|Any CPU
		{398BF580-41F5-418E-A017-19D19B289A97}.Release|Any CPU.ActiveCfg = Release|Any CPU
		{398BF580-41F5-418E-A017-19D19B289A97}.Release|Any CPU.Build.0 = Release|Any CPU
		{398BF580-41F5-418E-A017-19D19B289A97}.Release|Mixed Platforms.ActiveCfg = Release|Any CPU
		{398BF580-41F5-418E-A017-19D19B289A97}.Release|Mixed Platforms.Build.0 = Release|Any CPU
		{398BF580-41F5-418E-A017-19D19B289A97}.Release|x86.ActiveCfg = Release|Any CPU
		{98D394CA-9FEF-49AD-8DAB-FE039152E001}.Debug|Any CPU.ActiveCfg = Debug|Any CPU
		{98D394CA-9FEF-49AD-8DAB-FE039152E001}.Debug|Any CPU.Build.0 = Debug|Any CPU
		{98D394CA-9FEF-49AD-8DAB-FE039152E001}.Debug|Mixed Platforms.ActiveCfg = Debug|Any CPU
		{98D394CA-9FEF-49AD-8DAB-FE039152E001}.Debug|Mixed Platforms.Build.0 = Debug|Any CPU
		{98D394CA-9FEF-49AD-8DAB-FE039152E001}.Debug|x86.ActiveCfg = Debug|Any CPU
		{98D394CA-9FEF-49AD-8DAB-FE039152E001}.Release|Any CPU.ActiveCfg = Release|Any CPU
		{98D394CA-9FEF-49AD-8DAB-FE039152E001}.Release|Any CPU.Build.0 = Release|Any CPU
		{98D394CA-9FEF-49AD-8DAB-FE039152E001}.Release|Mixed Platforms.ActiveCfg = Release|Any CPU
		{98D394CA-9FEF-49AD-8DAB-FE039152E001}.Release|Mixed Platforms.Build.0 = Release|Any CPU
		{98D394CA-9FEF-49AD-8DAB-FE039152E001}.Release|x86.ActiveCfg = Release|Any CPU
	EndGlobalSection
	GlobalSection(SolutionProperties) = preSolution
		HideSolutionNode = FALSE
	EndGlobalSection
EndGlobal
